<?xml version="1.0" encoding="utf-8"?>
<Project ToolsVersion="4.0" xmlns="http://schemas.microsoft.com/developer/msbuild/2003">
  <ItemGroup>
    <Filter Include="源文件">
      <UniqueIdentifier>{4FC737F1-C7A5-4376-A066-2A32D752A2FF}</UniqueIdentifier>
      <Extensions>cpp;c;cc;cxx;def;odl;idl;hpj;bat;asm;asmx</Extensions>
    </Filter>
    <Filter Include="头文件">
      <UniqueIdentifier>{93995380-89BD-4b04-88EB-625FBE52EBFB}</UniqueIdentifier>
      <Extensions>h;hh;hpp;hxx;hm;inl;inc;ipp;xsd</Extensions>
    </Filter>
    <Filter Include="资源文件">
      <UniqueIdentifier>{67DA6AB6-F800-4c08-8B7A-83BB121AAD01}</UniqueIdentifier>
      <Extensions>rc;ico;cur;bmp;dlg;rc2;rct;bin;rgs;gif;jpg;jpeg;jpe;resx;tiff;tif;png;wav;mfcribbon-ms</Extensions>
    </Filter>
  </ItemGroup>
  <ItemGroup>
    <ClInclude Include="framework.h">
      <Filter>头文件</Filter>
    </ClInclude>
    <ClInclude Include="targetver.h">
      <Filter>头文件</Filter>
    </ClInclude>
    <ClInclude Include="Resource.h">
      <Filter>头文件</Filter>
    </ClInclude>
    <ClInclude Include="pch.h">
      <Filter>头文件</Filter>
    </ClInclude>
    <ClInclude Include="DNN_Detect.h">
      <Filter>头文件</Filter>
    </ClInclude>
    <ClInclude Include="HIK_Flow_In.h">
      <Filter>头文件</Filter>
    </ClInclude>
    <ClInclude Include="Transboundary_Detection.h">
      <Filter>头文件</Filter>
    </ClInclude>
    <ClInclude Include="Constituency_Delineation.h">
      <Filter>头文件</Filter>
    </ClInclude>
    <ClInclude Include="Constituency_Delineation_APP.h">
      <Filter>头文件</Filter>
    </ClInclude>
    <ClInclude Include="Constituency_Delineation_APPDlg.h">
      <Filter>头文件</Filter>
    </ClInclude>
  </ItemGroup>
  <ItemGroup>
    <ClCompile Include="pch.cpp">
      <Filter>源文件</Filter>
    </ClCompile>
    <ClCompile Include="DNN_Detect.cpp">
      <Filter>源文件</Filter>
    </ClCompile>
    <ClCompile Include="HIK_Flow_In.cpp">
      <Filter>源文件</Filter>
    </ClCompile>
    <ClCompile Include="Transboundary_Detection.cpp">
      <Filter>源文件</Filter>
    </ClCompile>
    <ClCompile Include="Constituency_Delineation.cpp">
      <Filter>源文件</Filter>
    </ClCompile>
    <ClCompile Include="Constituency_Delineation_APP.cpp">
      <Filter>源文件</Filter>
    </ClCompile>
    <ClCompile Include="Constituency_Delineation_APPDlg.cpp">
      <Filter>源文件</Filter>
    </ClCompile>
  </ItemGroup>
  <ItemGroup>
    <Image Include="res\Constituency_Delineation_APP.ico">
      <Filter>资源文件</Filter>
    </Image>
  </ItemGroup>
  <ItemGroup>
    <None Include="res\ConstituencyDelineationAPP.rc2">
      <Filter>资源文件</Filter>
    </None>
  </ItemGroup>
  <ItemGroup>
    <ResourceCompile Include="ConstituencyDelineationAPP.rc">
      <Filter>资源文件</Filter>
    </ResourceCompile>
  </ItemGroup>
</Project>